
Microsoft Visual Studio Solution File, Format Version 12.00
# Visual Studio Version 17
VisualStudioVersion = 17.10.35027.167
MinimumVisualStudioVersion = 10.0.40219.1
Project("{FAE04EC0-301F-11D3-BF4B-00C04F79EFBC}") = "ProjectB3_API", "ProjectB3_API\ProjectB3_API.csproj", "{D67E94DB-E069-4BC4-BF89-64E85D49F2F2}"
EndProject
Project("{FAE04EC0-301F-11D3-BF4B-00C04F79EFBC}") = "ProjectB3.Tests", "ProjectB3.Tests\ProjectB3.Tests.csproj", "{F12BA548-C081-4A2D-B2C1-63B4637880E0}"
EndProject
Project("{E24C65DC-7377-472B-9ABA-BC803B73C61A}") = "ProjectB3_Angular", "ProjectB3_Angular\", "{14CB9BFC-6A2C-44F2-8DFB-0D06BC3E4DF2}"
	ProjectSection(WebsiteProperties) = preProject
		TargetFrameworkMoniker = ".NETFramework,Version%3Dv4.0"
		Debug.AspNetCompiler.VirtualPath = "/localhost_59048"
		Debug.AspNetCompiler.PhysicalPath = "ProjectB3_Angular\"
		Debug.AspNetCompiler.TargetPath = "PrecompiledWeb\localhost_59048\"
		Debug.AspNetCompiler.Updateable = "true"
		Debug.AspNetCompiler.ForceOverwrite = "true"
		Debug.AspNetCompiler.FixedNames = "false"
		Debug.AspNetCompiler.Debug = "True"
		Release.AspNetCompiler.VirtualPath = "/localhost_59048"
		Release.AspNetCompiler.PhysicalPath = "ProjectB3_Angular\"
		Release.AspNetCompiler.TargetPath = "PrecompiledWeb\localhost_59048\"
		Release.AspNetCompiler.Updateable = "true"
		Release.AspNetCompiler.ForceOverwrite = "true"
		Release.AspNetCompiler.FixedNames = "false"
		Release.AspNetCompiler.Debug = "False"
		VWDPort = "59048"
		SlnRelativePath = "ProjectB3_Angular\"
	EndProjectSection
EndProject
Global
	GlobalSection(SolutionConfigurationPlatforms) = preSolution
		Debug|Any CPU = Debug|Any CPU
		Release|Any CPU = Release|Any CPU
	EndGlobalSection
	GlobalSection(ProjectConfigurationPlatforms) = postSolution
		{D67E94DB-E069-4BC4-BF89-64E85D49F2F2}.Debug|Any CPU.ActiveCfg = Debug|Any CPU
		{D67E94DB-E069-4BC4-BF89-64E85D49F2F2}.Debug|Any CPU.Build.0 = Debug|Any CPU
		{D67E94DB-E069-4BC4-BF89-64E85D49F2F2}.Release|Any CPU.ActiveCfg = Release|Any CPU
		{D67E94DB-E069-4BC4-BF89-64E85D49F2F2}.Release|Any CPU.Build.0 = Release|Any CPU
		{F12BA548-C081-4A2D-B2C1-63B4637880E0}.Debug|Any CPU.ActiveCfg = Debug|Any CPU
		{F12BA548-C081-4A2D-B2C1-63B4637880E0}.Debug|Any CPU.Build.0 = Debug|Any CPU
		{F12BA548-C081-4A2D-B2C1-63B4637880E0}.Release|Any CPU.ActiveCfg = Release|Any CPU
		{F12BA548-C081-4A2D-B2C1-63B4637880E0}.Release|Any CPU.Build.0 = Release|Any CPU
		{14CB9BFC-6A2C-44F2-8DFB-0D06BC3E4DF2}.Debug|Any CPU.ActiveCfg = Debug|Any CPU
		{14CB9BFC-6A2C-44F2-8DFB-0D06BC3E4DF2}.Debug|Any CPU.Build.0 = Debug|Any CPU
		{14CB9BFC-6A2C-44F2-8DFB-0D06BC3E4DF2}.Release|Any CPU.ActiveCfg = Debug|Any CPU
		{14CB9BFC-6A2C-44F2-8DFB-0D06BC3E4DF2}.Release|Any CPU.Build.0 = Debug|Any CPU
	EndGlobalSection
	GlobalSection(SolutionProperties) = preSolution
		HideSolutionNode = FALSE
	EndGlobalSection
	GlobalSection(ExtensibilityGlobals) = postSolution
		SolutionGuid = {401CE8CF-6881-4445-9F4A-299897EC46AA}
	EndGlobalSection
EndGlobal
